
Microsoft Visual Studio Solution File, Format Version 12.00
# Visual Studio 14
VisualStudioVersion = 14.0.24720.0
MinimumVisualStudioVersion = 10.0.40219.1
Project("{FAE04EC0-301F-11D3-BF4B-00C04F79EFBC}") = "CSharpConstructors", "CSharpConstructors\CSharpConstructors.csproj", "{CD43C32F-32A7-4BB6-BC4D-44A2AEA92B0F}"
EndProject
Global
	GlobalSection(SolutionConfigurationPlatforms) = preSolution
		Debug|Any CPU = Debug|Any CPU
		Release|Any CPU = Release|Any CPU
	EndGlobalSection
	GlobalSection(ProjectConfigurationPlatforms) = postSolution
		{CD43C32F-32A7-4BB6-BC4D-44A2AEA92B0F}.Debug|Any CPU.ActiveCfg = Debug|Any CPU
		{CD43C32F-32A7-4BB6-BC4D-44A2AEA92B0F}.Debug|Any CPU.Build.0 = Debug|Any CPU
		{CD43C32F-32A7-4BB6-BC4D-44A2AEA92B0F}.Release|Any CPU.ActiveCfg = Release|Any CPU
		{CD43C32F-32A7-4BB6-BC4D-44A2AEA92B0F}.Release|Any CPU.Build.0 = Release|Any CPU
	EndGlobalSection
	GlobalSection(SolutionProperties) = preSolution
		HideSolutionNode = FALSE
	EndGlobalSection
EndGlobal
